dependencies:
- name: mysql
  repository: https://charts.bitnami.com/bitnami
  version: 9.2.1
- name: mysql
  repository: https://charts.bitnami.com/bitnami
  version: 9.2.1
- name: mysql
  repository: https://charts.bitnami.com/bitnami
  version: 9.2.1
digest: sha256:81b6a3648b0d85aac70d344e91705a1ca803eeb070c9bad155d1b0af4f6725c5
generated: "2022-08-15T20:37:22.8306184+02:00"
