dependencies:
- name: app
  repository: ""
  version: 0.1.0
- name: app
  repository: ""
  version: 0.1.0
- name: app
  repository: ""
  version: 0.1.0
- name: app
  repository: ""
  version: 0.1.0
- name: app
  repository: ""
  version: 0.1.0
digest: sha256:3428bec7b748cf1288449c1e246d3fcda0b5c1142f2bddda771a7501d63a7c82
generated: "2022-07-28T14:02:26.291591473+02:00"
